// !$*UTF8*$!
{
	archiveVersion = 1;
	classes = {
	};
	objectVersion = 46;
	objects = {

/* Begin PBXBuildFile section */
		7E743D9D1D6DF14A00247EA9 /* AppDelegate.swift in Sources */ = {isa = PBXBuildFile; fileRef = 7E743D9C1D6DF14A00247EA9 /* AppDelegate.swift */; };
		7E743D9F1D6DF14A00247EA9 /* GameScene.sks in Resources */ = {isa = PBXBuildFile; fileRef = 7E743D9E1D6DF14A00247EA9 /* GameScene.sks */; };
		7E743DA11D6DF14A00247EA9 /* GameScene.swift in Sources */ = {isa = PBXBuildFile; fileRef = 7E743DA01D6DF14A00247EA9 /* GameScene.swift */; };
		7E743DA31D6DF14A00247EA9 /* GameViewController.swift in Sources */ = {isa = PBXBuildFile; fileRef = 7E743DA21D6DF14A00247EA9 /* GameViewController.swift */; };
		7E743DA61D6DF14A00247EA9 /* Main.storyboard in Resources */ = {isa = PBXBuildFile; fileRef = 7E743DA41D6DF14A00247EA9 /* Main.storyboard */; };
		7E743DA81D6DF14A00247EA9 /* Assets.xcassets in Resources */ = {isa = PBXBuildFile; fileRef = 7E743DA71D6DF14A00247EA9 /* Assets.xcassets */; };
		7E743DAB1D6DF14A00247EA9 /* LaunchScreen.storyboard in Resources */ = {isa = PBXBuildFile; fileRef = 7E743DA91D6DF14A00247EA9 /* LaunchScreen.storyboard */; };
		7E743DB61D6DF14A00247EA9 /* Flappy_BirdTests.swift in Sources */ = {isa = PBXBuildFile; fileRef = 7E743DB51D6DF14A00247EA9 /* Flappy_BirdTests.swift */; };
		7E743DC11D6DF14B00247EA9 /* Flappy_BirdUITests.swift in Sources */ = {isa = PBXBuildFile; fileRef = 7E743DC01D6DF14B00247EA9 /* Flappy_BirdUITests.swift */; };
		7E743DCF1D6DF3D000247EA9 /* img in Resources */ = {isa = PBXBuildFile; fileRef = 7E743DCE1D6DF3D000247EA9 /* img */; };
/* End PBXBuildFile section */

/* Begin PBXContainerItemProxy section */
		7E743DB21D6DF14A00247EA9 /* PBXContainerItemProxy */ = {
			isa = PBXContainerItemProxy;
			containerPortal = 7E743D911D6DF14A00247EA9 /* Project object */;
			proxyType = 1;
			remoteGlobalIDString = 7E743D981D6DF14A00247EA9;
			remoteInfo = "Flappy Bird";
		};
		7E743DBD1D6DF14B00247EA9 /* PBXContainerItemProxy */ = {
			isa = PBXContainerItemProxy;
			containerPortal = 7E743D911D6DF14A00247EA9 /* Project object */;
			proxyType = 1;
			remoteGlobalIDString = 7E743D981D6DF14A00247EA9;
			remoteInfo = "Flappy Bird";
		};
/* End PBXContainerItemProxy section */

/* Begin PBXFileReference section */
		7E743D991D6DF14A00247EA9 /* Flappy Bird.app */ = {isa = PBXFileReference; explicitFileType = wrapper.application; includeInIndex = 0; path = "Flappy Bird.app"; sourceTree = BUILT_PRODUCTS_DIR; };
		7E743D9C1D6DF14A00247EA9 /* AppDelegate.swift */ = {isa = PBXFileReference; lastKnownFileType = sourcecode.swift; path = AppDelegate.swift; sourceTree = "<group>"; };
		7E743D9E1D6DF14A00247EA9 /* GameScene.sks */ = {isa = PBXFileReference; lastKnownFileType = file.sks; path = GameScene.sks; sourceTree = "<group>"; };
		7E743DA01D6DF14A00247EA9 /* GameScene.swift */ = {isa = PBXFileReference; lastKnownFileType = sourcecode.swift; path = GameScene.swift; sourceTree = "<group>"; };
		7E743DA21D6DF14A00247EA9 /* GameViewController.swift */ = {isa = PBXFileReference; lastKnownFileType = sourcecode.swift; path = GameViewController.swift; sourceTree = "<group>"; };
		7E743DA51D6DF14A00247EA9 /* Base */ = {isa = PBXFileReference; lastKnownFileType = file.storyboard; name = Base; path = Base.lproj/Main.storyboard; sourceTree = "<group>"; };
		7E743DA71D6DF14A00247EA9 /* Assets.xcassets */ = {isa = PBXFileReference; lastKnownFileType = folder.assetcatalog; path = Assets.xcassets; sourceTree = "<group>"; };
		7E743DAA1D6DF14A00247EA9 /* Base */ = {isa = PBXFileReference; lastKnownFileType = file.storyboard; name = Base; path = Base.lproj/LaunchScreen.storyboard; sourceTree = "<group>"; };
		7E743DAC1D6DF14A00247EA9 /* Info.plist */ = {isa = PBXFileReference; lastKnownFileType = text.plist.xml; path = Info.plist; sourceTree = "<group>"; };
		7E743DB11D6DF14A00247EA9 /* Flappy BirdTests.xctest */ = {isa = PBXFileReference; explicitFileType = wrapper.cfbundle; includeInIndex = 0; path = "Flappy BirdTests.xctest"; sourceTree = BUILT_PRODUCTS_DIR; };
		7E743DB51D6DF14A00247EA9 /* Flappy_BirdTests.swift */ = {isa = PBXFileReference; lastKnownFileType = sourcecode.swift; path = Flappy_BirdTests.swift; sourceTree = "<group>"; };
		7E743DB71D6DF14A00247EA9 /* Info.plist */ = {isa = PBXFileReference; lastKnownFileType = text.plist.xml; path = Info.plist; sourceTree = "<group>"; };
		7E743DBC1D6DF14B00247EA9 /* Flappy BirdUITests.xctest */ = {isa = PBXFileReference; explicitFileType = wrapper.cfbundle; includeInIndex = 0; path = "Flappy BirdUITests.xctest"; sourceTree = BUILT_PRODUCTS_DIR; };
		7E743DC01D6DF14B00247EA9 /* Flappy_BirdUITests.swift */ = {isa = PBXFileReference; lastKnownFileType = sourcecode.swift; path = Flappy_BirdUITests.swift; sourceTree = "<group>"; };
		7E743DC21D6DF14B00247EA9 /* Info.plist */ = {isa = PBXFileReference; lastKnownFileType = text.plist.xml; path = Info.plist; sourceTree = "<group>"; };
		7E743DCE1D6DF3D000247EA9 /* img */ = {isa = PBXFileReference; lastKnownFileType = folder; path = img; sourceTree = "<group>"; };
/* End PBXFileReference section */

/* Begin PBXFrameworksBuildPhase section */
		7E743D961D6DF14A00247EA9 /* Frameworks */ = {
			isa = PBXFrameworksBuildPhase;
			buildActionMask = 2147483647;
			files = (
			);
			runOnlyForDeploymentPostprocessing = 0;
		};
		7E743DAE1D6DF14A00247EA9 /* Frameworks */ = {
			isa = PBXFrameworksBuildPhase;
			buildActionMask = 2147483647;
			files = (
			);
			runOnlyForDeploymentPostprocessing = 0;
		};
		7E743DB91D6DF14B00247EA9 /* Frameworks */ = {
			isa = PBXFrameworksBuildPhase;
			buildActionMask = 2147483647;
			files = (
			);
			runOnlyForDeploymentPostprocessing = 0;
		};
/* End PBXFrameworksBuildPhase section */

/* Begin PBXGroup section */
		7E743D901D6DF14A00247EA9 = {
			isa = PBXGroup;
			children = (
				7E743D9B1D6DF14A00247EA9 /* Flappy Bird */,
				7E743DB41D6DF14A00247EA9 /* Flappy BirdTests */,
				7E743DBF1D6DF14B00247EA9 /* Flappy BirdUITests */,
				7E743D9A1D6DF14A00247EA9 /* Products */,
			);
			sourceTree = "<group>";
		};
		7E743D9A1D6DF14A00247EA9 /* Products */ = {
			isa = PBXGroup;
			children = (
				7E743D991D6DF14A00247EA9 /* Flappy Bird.app */,
				7E743DB11D6DF14A00247EA9 /* Flappy BirdTests.xctest */,
				7E743DBC1D6DF14B00247EA9 /* Flappy BirdUITests.xctest */,
			);
			name = Products;
			sourceTree = "<group>";
		};
		7E743D9B1D6DF14A00247EA9 /* Flappy Bird */ = {
			isa = PBXGroup;
			children = (
				7E743DCE1D6DF3D000247EA9 /* img */,
				7E743D9C1D6DF14A00247EA9 /* AppDelegate.swift */,
				7E743D9E1D6DF14A00247EA9 /* GameScene.sks */,
				7E743DA01D6DF14A00247EA9 /* GameScene.swift */,
				7E743DA21D6DF14A00247EA9 /* GameViewController.swift */,
				7E743DA41D6DF14A00247EA9 /* Main.storyboard */,
				7E743DA71D6DF14A00247EA9 /* Assets.xcassets */,
				7E743DA91D6DF14A00247EA9 /* LaunchScreen.storyboard */,
				7E743DAC1D6DF14A00247EA9 /* Info.plist */,
			);
			path = "Flappy Bird";
			sourceTree = "<group>";
		};
		7E743DB41D6DF14A00247EA9 /* Flappy BirdTests */ = {
			isa = PBXGroup;
			children = (
				7E743DB51D6DF14A00247EA9 /* Flappy_BirdTests.swift */,
				7E743DB71D6DF14A00247EA9 /* Info.plist */,
			);
			path = "Flappy BirdTests";
			sourceTree = "<group>";
		};
		7E743DBF1D6DF14B00247EA9 /* Flappy BirdUITests */ = {
			isa = PBXGroup;
			children = (
				7E743DC01D6DF14B00247EA9 /* Flappy_BirdUITests.swift */,
				7E743DC21D6DF14B00247EA9 /* Info.plist */,
			);
			path = "Flappy BirdUITests";
			sourceTree = "<group>";
		};
/* End PBXGroup section */

/* Begin PBXNativeTarget section */
		7E743D981D6DF14A00247EA9 /* Flappy Bird */ = {
			isa = PBXNativeTarget;
			buildConfigurationList = 7E743DC51D6DF14B00247EA9 /* Build configuration list for PBXNativeTarget "Flappy Bird" */;
			buildPhases = (
				7E743D951D6DF14A00247EA9 /* Sources */,
				7E743D961D6DF14A00247EA9 /* Frameworks */,
				7E743D971D6DF14A00247EA9 /* Resources */,
			);
			buildRules = (
			);
			dependencies = (
			);
			name = "Flappy Bird";
			productName = "Flappy Bird";
			productReference = 7E743D991D6DF14A00247EA9 /* Flappy Bird.app */;
			productType = "com.apple.product-type.application";
		};
		7E743DB01D6DF14A00247EA9 /* Flappy BirdTests */ = {
			isa = PBXNativeTarget;
			buildConfigurationList = 7E743DC81D6DF14B00247EA9 /* Build configuration list for PBXNativeTarget "Flappy BirdTests" */;
			buildPhases = (
				7E743DAD1D6DF14A00247EA9 /* Sources */,
				7E743DAE1D6DF14A00247EA9 /* Frameworks */,
				7E743DAF1D6DF14A00247EA9 /* Resources */,
			);
			buildRules = (
			);
			dependencies = (
				7E743DB31D6DF14A00247EA9 /* PBXTargetDependency */,
			);
			name = "Flappy BirdTests";
			productName = "Flappy BirdTests";
			productReference = 7E743DB11D6DF14A00247EA9 /* Flappy BirdTests.xctest */;
			productType = "com.apple.product-type.bundle.unit-test";
		};
		7E743DBB1D6DF14B00247EA9 /* Flappy BirdUITests */ = {
			isa = PBXNativeTarget;
			buildConfigurationList = 7E743DCB1D6DF14B00247EA9 /* Build configuration list for PBXNativeTarget "Flappy BirdUITests" */;
			buildPhases = (
				7E743DB81D6DF14B00247EA9 /* Sources */,
				7E743DB91D6DF14B00247EA9 /* Frameworks */,
				7E743DBA1D6DF14B00247EA9 /* Resources */,
			);
			buildRules = (
			);
			dependencies = (
				7E743DBE1D6DF14B00247EA9 /* PBXTargetDependency */,
			);
			name = "Flappy BirdUITests";
			productName = "Flappy BirdUITests";
			productReference = 7E743DBC1D6DF14B00247EA9 /* Flappy BirdUITests.xctest */;
			productType = "com.apple.product-type.bundle.ui-testing";
		};
/* End PBXNativeTarget section */

/* Begin PBXProject section */
		7E743D911D6DF14A00247EA9 /* Project object */ = {
			isa = PBXProject;
			attributes = {
				LastSwiftUpdateCheck = 0730;
				LastUpgradeCheck = 0730;
				ORGANIZATIONNAME = "Pulkit Mital";
				TargetAttributes = {
					7E743D981D6DF14A00247EA9 = {
						CreatedOnToolsVersion = 7.3.1;
					};
					7E743DB01D6DF14A00247EA9 = {
						CreatedOnToolsVersion = 7.3.1;
						TestTargetID = 7E743D981D6DF14A00247EA9;
					};
					7E743DBB1D6DF14B00247EA9 = {
						CreatedOnToolsVersion = 7.3.1;
						TestTargetID = 7E743D981D6DF14A00247EA9;
					};
				};
			};
			buildConfigurationList = 7E743D941D6DF14A00247EA9 /* Build configuration list for PBXProject "Flappy Bird" */;
			compatibilityVersion = "Xcode 3.2";
			developmentRegion = English;
			hasScannedForEncodings = 0;
			knownRegions = (
				en,
				Base,
			);
			mainGroup = 7E743D901D6DF14A00247EA9;
			productRefGroup = 7E743D9A1D6DF14A00247EA9 /* Products */;
			projectDirPath = "";
			projectRoot = "";
			targets = (
				7E743D981D6DF14A00247EA9 /* Flappy Bird */,
				7E743DB01D6DF14A00247EA9 /* Flappy BirdTests */,
				7E743DBB1D6DF14B00247EA9 /* Flappy BirdUITests */,
			);
		};
/* End PBXProject section */

/* Begin PBXResourcesBuildPhase section */
		7E743D971D6DF14A00247EA9 /* Resources */ = {
			isa = PBXResourcesBuildPhase;
			buildActionMask = 2147483647;
			files = (
				7E743DCF1D6DF3D000247EA9 /* img in Resources */,
				7E743D9F1D6DF14A00247EA9 /* GameScene.sks in Resources */,
				7E743DAB1D6DF14A00247EA9 /* LaunchScreen.storyboard in Resources */,
				7E743DA81D6DF14A00247EA9 /* Assets.xcassets in Resources */,
				7E743DA61D6DF14A00247EA9 /* Main.storyboard in Resources */,
			);
			runOnlyForDeploymentPostprocessing = 0;
		};
		7E743DAF1D6DF14A00247EA9 /* Resources */ = {
			isa = PBXResourcesBuildPhase;
			buildActionMask = 2147483647;
			files = (
			);
			runOnlyForDeploymentPostprocessing = 0;
		};
		7E743DBA1D6DF14B00247EA9 /* Resources */ = {
			isa = PBXResourcesBuildPhase;
			buildActionMask = 2147483647;
			files = (
			);
			runOnlyForDeploymentPostprocessing = 0;
		};
/* End PBXResourcesBuildPhase section */

/* Begin PBXSourcesBuildPhase section */
		7E743D951D6DF14A00247EA9 /* Sources */ = {
			isa = PBXSourcesBuildPhase;
			buildActionMask = 2147483647;
			files = (
				7E743DA11D6DF14A00247EA9 /* GameScene.swift in Sources */,
				7E743DA31D6DF14A00247EA9 /* GameViewController.swift in Sources */,
				7E743D9D1D6DF14A00247EA9 /* AppDelegate.swift in Sources */,
			);
			runOnlyForDeploymentPostprocessing = 0;
		};
		7E743DAD1D6DF14A00247EA9 /* Sources */ = {
			isa = PBXSourcesBuildPhase;
			buildActionMask = 2147483647;
			files = (
				7E743DB61D6DF14A00247EA9 /* Flappy_BirdTests.swift in Sources */,
			);
			runOnlyForDeploymentPostprocessing = 0;
		};
		7E743DB81D6DF14B00247EA9 /* Sources */ = {
			isa = PBXSourcesBuildPhase;
			buildActionMask = 2147483647;
			files = (
				7E743DC11D6DF14B00247EA9 /* Flappy_BirdUITests.swift in Sources */,
			);
			runOnlyForDeploymentPostprocessing = 0;
		};
/* End PBXSourcesBuildPhase section */

/* Begin PBXTargetDependency section */
		7E743DB31D6DF14A00247EA9 /* PBXTargetDependency */ = {
			isa = PBXTargetDependency;
			target = 7E743D981D6DF14A00247EA9 /* Flappy Bird */;
			targetProxy = 7E743DB21D6DF14A00247EA9 /* PBXContainerItemProxy */;
		};
		7E743DBE1D6DF14B00247EA9 /* PBXTargetDependency */ = {
			isa = PBXTargetDependency;
			target = 7E743D981D6DF14A00247EA9 /* Flappy Bird */;
			targetProxy = 7E743DBD1D6DF14B00247EA9 /* PBXContainerItemProxy */;
		};
/* End PBXTargetDependency section */

/* Begin PBXVariantGroup section */
		7E743DA41D6DF14A00247EA9 /* Main.storyboard */ = {
			isa = PBXVariantGroup;
			children = (
				7E743DA51D6DF14A00247EA9 /* Base */,
			);
			name = Main.storyboard;
			sourceTree = "<group>";
		};
		7E743DA91D6DF14A00247EA9 /* LaunchScreen.storyboard */ = {
			isa = PBXVariantGroup;
			children = (
				7E743DAA1D6DF14A00247EA9 /* Base */,
			);
			name = LaunchScreen.storyboard;
			sourceTree = "<group>";
		};
/* End PBXVariantGroup section */

/* Begin XCBuildConfiguration section */
		7E743DC31D6DF14B00247EA9 /* Debug */ = {
			isa = XCBuildConfiguration;
			buildSettings = {
				ALWAYS_SEARCH_USER_PATHS = NO;
				CLANG_ANALYZER_NONNULL = YES;
				CLANG_CXX_LANGUAGE_STANDARD = "gnu++0x";
				CLANG_CXX_LIBRARY = "libc++";
				CLANG_ENABLE_MODULES = YES;
				CLANG_ENABLE_OBJC_ARC = YES;
				CLANG_WARN_BOOL_CONVERSION = YES;
				CLANG_WARN_CONSTANT_CONVERSION = YES;
				CLANG_WARN_DIRECT_OBJC_ISA_USAGE = YES_ERROR;
				CLANG_WARN_EMPTY_BODY = YES;
				CLANG_WARN_ENUM_CONVERSION = YES;
				CLANG_WARN_INT_CONVERSION = YES;
				CLANG_WARN_OBJC_ROOT_CLASS = YES_ERROR;
				CLANG_WARN_UNREACHABLE_CODE = YES;
				CLANG_WARN__DUPLICATE_METHOD_MATCH = YES;
				"CODE_SIGN_IDENTITY[sdk=iphoneos*]" = "iPhone Developer";
				COPY_PHASE_STRIP = NO;
				DEBUG_INFORMATION_FORMAT = "dwarf-with-dsym";
				ENABLE_STRICT_OBJC_MSGSEND = YES;
				ENABLE_TESTABILITY = YES;
				GCC_C_LANGUAGE_STANDARD = gnu99;
				GCC_DYNAMIC_NO_PIC = NO;
				GCC_NO_COMMON_BLOCKS = YES;
				GCC_OPTIMIZATION_LEVEL = 0;
				GCC_PREPROCESSOR_DEFINITIONS = (
					"DEBUG=1",
					"$(inherited)",
				);
				GCC_WARN_64_TO_32_BIT_CONVERSION = YES;
				GCC_WARN_ABOUT_RETURN_TYPE = YES_ERROR;
				GCC_WARN_UNDECLARED_SELECTOR = YES;
				GCC_WARN_UNINITIALIZED_AUTOS = YES_AGGRESSIVE;
				GCC_WARN_UNUSED_FUNCTION = YES;
				GCC_WARN_UNUSED_VARIABLE = YES;
				IPHONEOS_DEPLOYMENT_TARGET = 9.3;
				MTL_ENABLE_DEBUG_INFO = YES;
				ONLY_ACTIVE_ARCH = YES;
				SDKROOT = iphoneos;
				SWIFT_OPTIMIZATION_LEVEL = "-Onone";
				TARGETED_DEVICE_FAMILY = "1,2";
			};
			name = Debug;
		};
		7E743DC41D6DF14B00247EA9 /* Release */ = {
			isa = XCBuildConfiguration;
			buildSettings = {
				ALWAYS_SEARCH_USER_PATHS = NO;
				CLANG_ANALYZER_NONNULL = YES;
				CLANG_CXX_LANGUAGE_STANDARD = "gnu++0x";
				CLANG_CXX_LIBRARY = "libc++";
				CLANG_ENABLE_MODULES = YES;
				CLANG_ENABLE_OBJC_ARC = YES;
				CLANG_WARN_BOOL_CONVERSION = YES;
				CLANG_WARN_CONSTANT_CONVERSION = YES;
				CLANG_WARN_DIRECT_OBJC_ISA_USAGE = YES_ERROR;
				CLANG_WARN_EMPTY_BODY = YES;
				CLANG_WARN_ENUM_CONVERSION = YES;
				CLANG_WARN_INT_CONVERSION = YES;
				CLANG_WARN_OBJC_ROOT_CLASS = YES_ERROR;
				CLANG_WARN_UNREACHABLE_CODE = YES;
				CLANG_WARN__DUPLICATE_METHOD_MATCH = YES;
				"CODE_SIGN_IDENTITY[sdk=iphoneos*]" = "iPhone Developer";
				COPY_PHASE_STRIP = NO;
				DEBUG_INFORMATION_FORMAT = "dwarf-with-dsym";
				ENABLE_NS_ASSERTIONS = NO;
				ENABLE_STRICT_OBJC_MSGSEND = YES;
				GCC_C_LANGUAGE_STANDARD = gnu99;
				GCC_NO_COMMON_BLOCKS = YES;
				GCC_WARN_64_TO_32_BIT_CONVERSION = YES;
				GCC_WARN_ABOUT_RETURN_TYPE = YES_ERROR;
				GCC_WARN_UNDECLARED_SELECTOR = YES;
				GCC_WARN_UNINITIALIZED_AUTOS = YES_AGGRESSIVE;
				GCC_WARN_UNUSED_FUNCTION = YES;
				GCC_WARN_UNUSED_VARIABLE = YES;
				IPHONEOS_DEPLOYMENT_TARGET = 9.3;
				MTL_ENABLE_DEBUG_INFO = NO;
				SDKROOT = iphoneos;
				TARGETED_DEVICE_FAMILY = "1,2";
				VALIDATE_PRODUCT = YES;
			};
			name = Release;
		};
		7E743DC61D6DF14B00247EA9 /* Debug */ = {
			isa = XCBuildConfiguration;
			buildSettings = {
				ASSETCATALOG_COMPILER_APPICON_NAME = AppIcon;
				INFOPLIST_FILE = "Flappy Bird/Info.plist";
				LD_RUNPATH_SEARCH_PATHS = "$(inherited) @executable_path/Frameworks";
				PRODUCT_BUNDLE_IDENTIFIER = "com.pulkit.Flappy-Bird";
				PRODUCT_NAME = "$(TARGET_NAME)";
			};
			name = Debug;
		};
		7E743DC71D6DF14B00247EA9 /* Release */ = {
			isa = XCBuildConfiguration;
			buildSettings = {
				ASSETCATALOG_COMPILER_APPICON_NAME = AppIcon;
				INFOPLIST_FILE = "Flappy Bird/Info.plist";
				LD_RUNPATH_SEARCH_PATHS = "$(inherited) @executable_path/Frameworks";
				PRODUCT_BUNDLE_IDENTIFIER = "com.pulkit.Flappy-Bird";
				PRODUCT_NAME = "$(TARGET_NAME)";
			};
			name = Release;
		};
		7E743DC91D6DF14B00247EA9 /* Debug */ = {
			isa = XCBuildConfiguration;
			buildSettings = {
				BUNDLE_LOADER = "$(TEST_HOST)";
				DEBUG_INFORMATION_FORMAT = dwarf;
				INFOPLIST_FILE = "Flappy BirdTests/Info.plist";
				LD_RUNPATH_SEARCH_PATHS = "$(inherited) @executable_path/Frameworks @loader_path/Frameworks";
				PRODUCT_BUNDLE_IDENTIFIER = "com.pulkit.Flappy-BirdTests";
				PRODUCT_NAME = "$(TARGET_NAME)";
				TEST_HOST = "$(BUILT_PRODUCTS_DIR)/Flappy Bird.app/Flappy Bird";
			};
			name = Debug;
		};
		7E743DCA1D6DF14B00247EA9 /* Release */ = {
			isa = XCBuildConfiguration;
			buildSettings = {
				BUNDLE_LOADER = "$(TEST_HOST)";
				INFOPLIST_FILE = "Flappy BirdTests/Info.plist";
				LD_RUNPATH_SEARCH_PATHS = "$(inherited) @executable_path/Frameworks @loader_path/Frameworks";
				PRODUCT_BUNDLE_IDENTIFIER = "com.pulkit.Flappy-BirdTests";
				PRODUCT_NAME = "$(TARGET_NAME)";
				TEST_HOST = "$(BUILT_PRODUCTS_DIR)/Flappy Bird.app/Flappy Bird";
			};
			name = Release;
		};
		7E743DCC1D6DF14B00247EA9 /* Debug */ = {
			isa = XCBuildConfiguration;
			buildSettings = {
				DEBUG_INFORMATION_FORMAT = dwarf;
				INFOPLIST_FILE = "Flappy BirdUITests/Info.plist";
				LD_RUNPATH_SEARCH_PATHS = "$(inherited) @executable_path/Frameworks @loader_path/Frameworks";
				PRODUCT_BUNDLE_IDENTIFIER = "com.pulkit.Flappy-BirdUITests";
				PRODUCT_NAME = "$(TARGET_NAME)";
				TEST_TARGET_NAME = "Flappy Bird";
			};
			name = Debug;
		};
		7E743DCD1D6DF14B00247EA9 /* Release */ = {
			isa = XCBuildConfiguration;
			buildSettings = {
				INFOPLIST_FILE = "Flappy BirdUITests/Info.plist";
				LD_RUNPATH_SEARCH_PATHS = "$(inherited) @executable_path/Frameworks @loader_path/Frameworks";
				PRODUCT_BUNDLE_IDENTIFIER = "com.pulkit.Flappy-BirdUITests";
				PRODUCT_NAME = "$(TARGET_NAME)";
				TEST_TARGET_NAME = "Flappy Bird";
			};
			name = Release;
		};
/* End XCBuildConfiguration section */

/* Begin XCConfigurationList section */
		7E743D941D6DF14A00247EA9 /* Build configuration list for PBXProject "Flappy Bird" */ = {
			isa = XCConfigurationList;
			buildConfigurations = (
				7E743DC31D6DF14B00247EA9 /* Debug */,
				7E743DC41D6DF14B00247EA9 /* Release */,
			);
			defaultConfigurationIsVisible = 0;
			defaultConfigurationName = Release;
		};
		7E743DC51D6DF14B00247EA9 /* Build configuration list for PBXNativeTarget "Flappy Bird" */ = {
			isa = XCConfigurationList;
			buildConfigurations = (
				7E743DC61D6DF14B00247EA9 /* Debug */,
				7E743DC71D6DF14B00247EA9 /* Release */,
			);
			defaultConfigurationIsVisible = 0;
		};
		7E743DC81D6DF14B00247EA9 /* Build configuration list for PBXNativeTarget "Flappy BirdTests" */ = {
			isa = XCConfigurationList;
			buildConfigurations = (
				7E743DC91D6DF14B00247EA9 /* Debug */,
				7E743DCA1D6DF14B00247EA9 /* Release */,
			);
			defaultConfigurationIsVisible = 0;
		};
		7E743DCB1D6DF14B00247EA9 /* Build configuration list for PBXNativeTarget "Flappy BirdUITests" */ = {
			isa = XCConfigurationList;
			buildConfigurations = (
				7E743DCC1D6DF14B00247EA9 /* Debug */,
				7E743DCD1D6DF14B00247EA9 /* Release */,
			);
			defaultConfigurationIsVisible = 0;
		};
/* End XCConfigurationList section */
	};
	rootObject = 7E743D911D6DF14A00247EA9 /* Project object */;
}
